
Microsoft Visual Studio Solution File, Format Version 12.00
# Visual Studio Version 17
VisualStudioVersion = 17.5.002.0
MinimumVisualStudioVersion = 10.0.40219.1
Project("{9A19103F-16F7-4668-BE54-9A1E7A4F7556}") = "ProjetoSmartphone", "ProjetoSmartphone.csproj", "{1FAE01AF-C085-42BF-BA37-C4BBB7724F52}"
EndProject
Global
	GlobalSection(SolutionConfigurationPlatforms) = preSolution
		Debug|Any CPU = Debug|Any CPU
		Release|Any CPU = Release|Any CPU
	EndGlobalSection
	GlobalSection(ProjectConfigurationPlatforms) = postSolution
		{1FAE01AF-C085-42BF-BA37-C4BBB7724F52}.Debug|Any CPU.ActiveCfg = Debug|Any CPU
		{1FAE01AF-C085-42BF-BA37-C4BBB7724F52}.Debug|Any CPU.Build.0 = Debug|Any CPU
		{1FAE01AF-C085-42BF-BA37-C4BBB7724F52}.Release|Any CPU.ActiveCfg = Release|Any CPU
		{1FAE01AF-C085-42BF-BA37-C4BBB7724F52}.Release|Any CPU.Build.0 = Release|Any CPU
	EndGlobalSection
	GlobalSection(SolutionProperties) = preSolution
		HideSolutionNode = FALSE
	EndGlobalSection
	GlobalSection(ExtensibilityGlobals) = postSolution
		SolutionGuid = {E4B1E1F8-773D-4A65-AA76-A81213C0A232}
	EndGlobalSection
EndGlobal
